
Microsoft Visual Studio Solution File, Format Version 12.00
# Visual Studio 15
VisualStudioVersion = 15.0.27703.2035
MinimumVisualStudioVersion = 10.0.40219.1
Project("{E24C65DC-7377-472B-9ABA-BC803B73C61A}") = "LookAtTriangles", "LookAtTriangles\", "{D1ADAC2F-995F-49E1-BA82-2FC26DCE900E}"
	ProjectSection(WebsiteProperties) = preProject
		TargetFrameworkMoniker = ".NETFramework,Version%3Dv4.6.1"
		Debug.AspNetCompiler.VirtualPath = "/localhost_1290"
		Debug.AspNetCompiler.PhysicalPath = "LookAtTriangles\"
		Debug.AspNetCompiler.TargetPath = "PrecompiledWeb\localhost_1290\"
		Debug.AspNetCompiler.Updateable = "true"
		Debug.AspNetCompiler.ForceOverwrite = "true"
		Debug.AspNetCompiler.FixedNames = "false"
		Debug.AspNetCompiler.Debug = "True"
		Release.AspNetCompiler.VirtualPath = "/localhost_1290"
		Release.AspNetCompiler.PhysicalPath = "LookAtTriangles\"
		Release.AspNetCompiler.TargetPath = "PrecompiledWeb\localhost_1290\"
		Release.AspNetCompiler.Updateable = "true"
		Release.AspNetCompiler.ForceOverwrite = "true"
		Release.AspNetCompiler.FixedNames = "false"
		Release.AspNetCompiler.Debug = "False"
		VWDPort = "1290"
		SlnRelativePath = "LookAtTriangles\"
		DefaultWebSiteLanguage = "Visual C#"
	EndProjectSection
EndProject
Global
	GlobalSection(SolutionConfigurationPlatforms) = preSolution
		Debug|Any CPU = Debug|Any CPU
	EndGlobalSection
	GlobalSection(ProjectConfigurationPlatforms) = postSolution
		{D1ADAC2F-995F-49E1-BA82-2FC26DCE900E}.Debug|Any CPU.ActiveCfg = Debug|Any CPU
		{D1ADAC2F-995F-49E1-BA82-2FC26DCE900E}.Debug|Any CPU.Build.0 = Debug|Any CPU
	EndGlobalSection
	GlobalSection(SolutionProperties) = preSolution
		HideSolutionNode = FALSE
	EndGlobalSection
	GlobalSection(ExtensibilityGlobals) = postSolution
		SolutionGuid = {559A9C4E-151A-400C-B06F-5F154DB61B24}
	EndGlobalSection
EndGlobal
